// !$*UTF8*$!
{
	archiveVersion = 1;
	classes = {
	};
	objectVersion = 46;
	objects = {

/* Begin PBXBuildFile section */
		284212A81BB9771B00F1877C /* MyApp.Storyboard in Resources */ = {isa = PBXBuildFile; fileRef = 284212A71BB9771B00F1877C /* MyApp.Storyboard */; };
		286E427E1BB2326D00C1089A /* AppDelegate.swift in Sources */ = {isa = PBXBuildFile; fileRef = 286E427D1BB2326D00C1089A /* AppDelegate.swift */; };
		286E42801BB2326D00C1089A /* ViewController.swift in Sources */ = {isa = PBXBuildFile; fileRef = 286E427F1BB2326D00C1089A /* ViewController.swift */; };
		286E42831BB2326D00C1089A /* Main.storyboard in Resources */ = {isa = PBXBuildFile; fileRef = 286E42811BB2326D00C1089A /* Main.storyboard */; };
		286E42851BB2326D00C1089A /* Images.xcassets in Resources */ = {isa = PBXBuildFile; fileRef = 286E42841BB2326D00C1089A /* Images.xcassets */; };
		286E42881BB2326D00C1089A /* LaunchScreen.xib in Resources */ = {isa = PBXBuildFile; fileRef = 286E42861BB2326D00C1089A /* LaunchScreen.xib */; };
		286E42941BB2326D00C1089A /* hllowiosTests.swift in Sources */ = {isa = PBXBuildFile; fileRef = 286E42931BB2326D00C1089A /* hllowiosTests.swift */; };
/* End PBXBuildFile section */

/* Begin PBXContainerItemProxy section */
		286E428E1BB2326D00C1089A /* PBXContainerItemProxy */ = {
			isa = PBXContainerItemProxy;
			containerPortal = 286E42701BB2326D00C1089A /* Project object */;
			proxyType = 1;
			remoteGlobalIDString = 286E42771BB2326D00C1089A;
			remoteInfo = hllowios;
		};
/* End PBXContainerItemProxy section */

/* Begin PBXFileReference section */
		284212A71BB9771B00F1877C /* MyApp.Storyboard */ = {isa = PBXFileReference; fileEncoding = 4; lastKnownFileType = file.storyboard; path = MyApp.Storyboard; sourceTree = "<group>"; };
		286E42781BB2326D00C1089A /* hllowios.app */ = {isa = PBXFileReference; explicitFileType = wrapper.application; includeInIndex = 0; path = hllowios.app; sourceTree = BUILT_PRODUCTS_DIR; };
		286E427C1BB2326D00C1089A /* Info.plist */ = {isa = PBXFileReference; lastKnownFileType = text.plist.xml; path = Info.plist; sourceTree = "<group>"; };
		286E427D1BB2326D00C1089A /* AppDelegate.swift */ = {isa = PBXFileReference; lastKnownFileType = sourcecode.swift; path = AppDelegate.swift; sourceTree = "<group>"; };
		286E427F1BB2326D00C1089A /* ViewController.swift */ = {isa = PBXFileReference; lastKnownFileType = sourcecode.swift; path = ViewController.swift; sourceTree = "<group>"; };
		286E42821BB2326D00C1089A /* Base */ = {isa = PBXFileReference; lastKnownFileType = file.storyboard; name = Base; path = Base.lproj/Main.storyboard; sourceTree = "<group>"; };
		286E42841BB2326D00C1089A /* Images.xcassets */ = {isa = PBXFileReference; lastKnownFileType = folder.assetcatalog; path = Images.xcassets; sourceTree = "<group>"; };
		286E42871BB2326D00C1089A /* Base */ = {isa = PBXFileReference; lastKnownFileType = file.xib; name = Base; path = Base.lproj/LaunchScreen.xib; sourceTree = "<group>"; };
		286E428D1BB2326D00C1089A /* hllowiosTests.xctest */ = {isa = PBXFileReference; explicitFileType = wrapper.cfbundle; includeInIndex = 0; path = hllowiosTests.xctest; sourceTree = BUILT_PRODUCTS_DIR; };
		286E42921BB2326D00C1089A /* Info.plist */ = {isa = PBXFileReference; lastKnownFileType = text.plist.xml; path = Info.plist; sourceTree = "<group>"; };
		286E42931BB2326D00C1089A /* hllowiosTests.swift */ = {isa = PBXFileReference; lastKnownFileType = sourcecode.swift; path = hllowiosTests.swift; sourceTree = "<group>"; };
/* End PBXFileReference section */

/* Begin PBXFrameworksBuildPhase section */
		286E42751BB2326D00C1089A /* Frameworks */ = {
			isa = PBXFrameworksBuildPhase;
			buildActionMask = 2147483647;
			files = (
			);
			runOnlyForDeploymentPostprocessing = 0;
		};
		286E428A1BB2326D00C1089A /* Frameworks */ = {
			isa = PBXFrameworksBuildPhase;
			buildActionMask = 2147483647;
			files = (
			);
			runOnlyForDeploymentPostprocessing = 0;
		};
/* End PBXFrameworksBuildPhase section */

/* Begin PBXGroup section */
		286E426F1BB2326D00C1089A = {
			isa = PBXGroup;
			children = (
				286E427A1BB2326D00C1089A /* hllowios */,
				286E42901BB2326D00C1089A /* hllowiosTests */,
				286E42791BB2326D00C1089A /* Products */,
			);
			sourceTree = "<group>";
		};
		286E42791BB2326D00C1089A /* Products */ = {
			isa = PBXGroup;
			children = (
				286E42781BB2326D00C1089A /* hllowios.app */,
				286E428D1BB2326D00C1089A /* hllowiosTests.xctest */,
			);
			name = Products;
			sourceTree = "<group>";
		};
		286E427A1BB2326D00C1089A /* hllowios */ = {
			isa = PBXGroup;
			children = (
				286E427D1BB2326D00C1089A /* AppDelegate.swift */,
				286E427F1BB2326D00C1089A /* ViewController.swift */,
				286E42811BB2326D00C1089A /* Main.storyboard */,
				286E42841BB2326D00C1089A /* Images.xcassets */,
				286E42861BB2326D00C1089A /* LaunchScreen.xib */,
				286E427B1BB2326D00C1089A /* Supporting Files */,
				284212A71BB9771B00F1877C /* MyApp.Storyboard */,
			);
			path = hllowios;
			sourceTree = "<group>";
		};
		286E427B1BB2326D00C1089A /* Supporting Files */ = {
			isa = PBXGroup;
			children = (
				286E427C1BB2326D00C1089A /* Info.plist */,
			);
			name = "Supporting Files";
			sourceTree = "<group>";
		};
		286E42901BB2326D00C1089A /* hllowiosTests */ = {
			isa = PBXGroup;
			children = (
				286E42931BB2326D00C1089A /* hllowiosTests.swift */,
				286E42911BB2326D00C1089A /* Supporting Files */,
			);
			path = hllowiosTests;
			sourceTree = "<group>";
		};
		286E42911BB2326D00C1089A /* Supporting Files */ = {
			isa = PBXGroup;
			children = (
				286E42921BB2326D00C1089A /* Info.plist */,
			);
			name = "Supporting Files";
			sourceTree = "<group>";
		};
/* End PBXGroup section */

/* Begin PBXNativeTarget section */
		286E42771BB2326D00C1089A /* hllowios */ = {
			isa = PBXNativeTarget;
			buildConfigurationList = 286E42971BB2326D00C1089A /* Build configuration list for PBXNativeTarget "hllowios" */;
			buildPhases = (
				286E42741BB2326D00C1089A /* Sources */,
				286E42751BB2326D00C1089A /* Frameworks */,
				286E42761BB2326D00C1089A /* Resources */,
			);
			buildRules = (
			);
			dependencies = (
			);
			name = hllowios;
			productName = hllowios;
			productReference = 286E42781BB2326D00C1089A /* hllowios.app */;
			productType = "com.apple.product-type.application";
		};
		286E428C1BB2326D00C1089A /* hllowiosTests */ = {
			isa = PBXNativeTarget;
			buildConfigurationList = 286E429A1BB2326D00C1089A /* Build configuration list for PBXNativeTarget "hllowiosTests" */;
			buildPhases = (
				286E42891BB2326D00C1089A /* Sources */,
				286E428A1BB2326D00C1089A /* Frameworks */,
				286E428B1BB2326D00C1089A /* Resources */,
			);
			buildRules = (
			);
			dependencies = (
				286E428F1BB2326D00C1089A /* PBXTargetDependency */,
			);
			name = hllowiosTests;
			productName = hllowiosTests;
			productReference = 286E428D1BB2326D00C1089A /* hllowiosTests.xctest */;
			productType = "com.apple.product-type.bundle.unit-test";
		};
/* End PBXNativeTarget section */

/* Begin PBXProject section */
		286E42701BB2326D00C1089A /* Project object */ = {
			isa = PBXProject;
			attributes = {
				LastSwiftUpdateCheck = 0700;
				LastUpgradeCheck = 0600;
				ORGANIZATIONNAME = kr;
				TargetAttributes = {
					286E42771BB2326D00C1089A = {
						CreatedOnToolsVersion = 6.0;
					};
					286E428C1BB2326D00C1089A = {
						CreatedOnToolsVersion = 6.0;
						TestTargetID = 286E42771BB2326D00C1089A;
					};
				};
			};
			buildConfigurationList = 286E42731BB2326D00C1089A /* Build configuration list for PBXProject "hllowios" */;
			compatibilityVersion = "Xcode 3.2";
			developmentRegion = English;
			hasScannedForEncodings = 0;
			knownRegions = (
				en,
				Base,
			);
			mainGroup = 286E426F1BB2326D00C1089A;
			productRefGroup = 286E42791BB2326D00C1089A /* Products */;
			projectDirPath = "";
			projectRoot = "";
			targets = (
				286E42771BB2326D00C1089A /* hllowios */,
				286E428C1BB2326D00C1089A /* hllowiosTests */,
			);
		};
/* End PBXProject section */

/* Begin PBXResourcesBuildPhase section */
		286E42761BB2326D00C1089A /* Resources */ = {
			isa = PBXResourcesBuildPhase;
			buildActionMask = 2147483647;
			files = (
				286E42831BB2326D00C1089A /* Main.storyboard in Resources */,
				286E42881BB2326D00C1089A /* LaunchScreen.xib in Resources */,
				284212A81BB9771B00F1877C /* MyApp.Storyboard in Resources */,
				286E42851BB2326D00C1089A /* Images.xcassets in Resources */,
			);
			runOnlyForDeploymentPostprocessing = 0;
		};
		286E428B1BB2326D00C1089A /* Resources */ = {
			isa = PBXResourcesBuildPhase;
			buildActionMask = 2147483647;
			files = (
			);
			runOnlyForDeploymentPostprocessing = 0;
		};
/* End PBXResourcesBuildPhase section */

/* Begin PBXSourcesBuildPhase section */
		286E42741BB2326D00C1089A /* Sources */ = {
			isa = PBXSourcesBuildPhase;
			buildActionMask = 2147483647;
			files = (
				286E42801BB2326D00C1089A /* ViewController.swift in Sources */,
				286E427E1BB2326D00C1089A /* AppDelegate.swift in Sources */,
			);
			runOnlyForDeploymentPostprocessing = 0;
		};
		286E42891BB2326D00C1089A /* Sources */ = {
			isa = PBXSourcesBuildPhase;
			buildActionMask = 2147483647;
			files = (
				286E42941BB2326D00C1089A /* hllowiosTests.swift in Sources */,
			);
			runOnlyForDeploymentPostprocessing = 0;
		};
/* End PBXSourcesBuildPhase section */

/* Begin PBXTargetDependency section */
		286E428F1BB2326D00C1089A /* PBXTargetDependency */ = {
			isa = PBXTargetDependency;
			target = 286E42771BB2326D00C1089A /* hllowios */;
			targetProxy = 286E428E1BB2326D00C1089A /* PBXContainerItemProxy */;
		};
/* End PBXTargetDependency section */

/* Begin PBXVariantGroup section */
		286E42811BB2326D00C1089A /* Main.storyboard */ = {
			isa = PBXVariantGroup;
			children = (
				286E42821BB2326D00C1089A /* Base */,
			);
			name = Main.storyboard;
			sourceTree = "<group>";
		};
		286E42861BB2326D00C1089A /* LaunchScreen.xib */ = {
			isa = PBXVariantGroup;
			children = (
				286E42871BB2326D00C1089A /* Base */,
			);
			name = LaunchScreen.xib;
			sourceTree = "<group>";
		};
/* End PBXVariantGroup section */

/* Begin XCBuildConfiguration section */
		286E42951BB2326D00C1089A /* Debug */ = {
			isa = XCBuildConfiguration;
			buildSettings = {
				ALWAYS_SEARCH_USER_PATHS = NO;
				CLANG_CXX_LANGUAGE_STANDARD = "gnu++0x";
				CLANG_CXX_LIBRARY = "libc++";
				CLANG_ENABLE_MODULES = YES;
				CLANG_ENABLE_OBJC_ARC = YES;
				CLANG_WARN_BOOL_CONVERSION = YES;
				CLANG_WARN_CONSTANT_CONVERSION = YES;
				CLANG_WARN_DIRECT_OBJC_ISA_USAGE = YES_ERROR;
				CLANG_WARN_EMPTY_BODY = YES;
				CLANG_WARN_ENUM_CONVERSION = YES;
				CLANG_WARN_INT_CONVERSION = YES;
				CLANG_WARN_OBJC_ROOT_CLASS = YES_ERROR;
				CLANG_WARN_UNREACHABLE_CODE = YES;
				CLANG_WARN__DUPLICATE_METHOD_MATCH = YES;
				"CODE_SIGN_IDENTITY[sdk=iphoneos*]" = "iPhone Developer";
				COPY_PHASE_STRIP = NO;
				ENABLE_STRICT_OBJC_MSGSEND = YES;
				GCC_C_LANGUAGE_STANDARD = gnu99;
				GCC_DYNAMIC_NO_PIC = NO;
				GCC_OPTIMIZATION_LEVEL = 0;
				GCC_PREPROCESSOR_DEFINITIONS = (
					"DEBUG=1",
					"$(inherited)",
				);
				GCC_SYMBOLS_PRIVATE_EXTERN = NO;
				GCC_WARN_64_TO_32_BIT_CONVERSION = YES;
				GCC_WARN_ABOUT_RETURN_TYPE = YES_ERROR;
				GCC_WARN_UNDECLARED_SELECTOR = YES;
				GCC_WARN_UNINITIALIZED_AUTOS = YES_AGGRESSIVE;
				GCC_WARN_UNUSED_FUNCTION = YES;
				GCC_WARN_UNUSED_VARIABLE = YES;
				IPHONEOS_DEPLOYMENT_TARGET = 8.0;
				MTL_ENABLE_DEBUG_INFO = YES;
				ONLY_ACTIVE_ARCH = YES;
				SDKROOT = iphoneos;
				SWIFT_OPTIMIZATION_LEVEL = "-Onone";
			};
			name = Debug;
		};
		286E42961BB2326D00C1089A /* Release */ = {
			isa = XCBuildConfiguration;
			buildSettings = {
				ALWAYS_SEARCH_USER_PATHS = NO;
				CLANG_CXX_LANGUAGE_STANDARD = "gnu++0x";
				CLANG_CXX_LIBRARY = "libc++";
				CLANG_ENABLE_MODULES = YES;
				CLANG_ENABLE_OBJC_ARC = YES;
				CLANG_WARN_BOOL_CONVERSION = YES;
				CLANG_WARN_CONSTANT_CONVERSION = YES;
				CLANG_WARN_DIRECT_OBJC_ISA_USAGE = YES_ERROR;
				CLANG_WARN_EMPTY_BODY = YES;
				CLANG_WARN_ENUM_CONVERSION = YES;
				CLANG_WARN_INT_CONVERSION = YES;
				CLANG_WARN_OBJC_ROOT_CLASS = YES_ERROR;
				CLANG_WARN_UNREACHABLE_CODE = YES;
				CLANG_WARN__DUPLICATE_METHOD_MATCH = YES;
				"CODE_SIGN_IDENTITY[sdk=iphoneos*]" = "iPhone Developer";
				COPY_PHASE_STRIP = YES;
				ENABLE_NS_ASSERTIONS = NO;
				ENABLE_STRICT_OBJC_MSGSEND = YES;
				GCC_C_LANGUAGE_STANDARD = gnu99;
				GCC_WARN_64_TO_32_BIT_CONVERSION = YES;
				GCC_WARN_ABOUT_RETURN_TYPE = YES_ERROR;
				GCC_WARN_UNDECLARED_SELECTOR = YES;
				GCC_WARN_UNINITIALIZED_AUTOS = YES_AGGRESSIVE;
				GCC_WARN_UNUSED_FUNCTION = YES;
				GCC_WARN_UNUSED_VARIABLE = YES;
				IPHONEOS_DEPLOYMENT_TARGET = 8.0;
				MTL_ENABLE_DEBUG_INFO = NO;
				SDKROOT = iphoneos;
				VALIDATE_PRODUCT = YES;
			};
			name = Release;
		};
		286E42981BB2326D00C1089A /* Debug */ = {
			isa = XCBuildConfiguration;
			buildSettings = {
				ASSETCATALOG_COMPILER_APPICON_NAME = AppIcon;
				INFOPLIST_FILE = hllowios/Info.plist;
				LD_RUNPATH_SEARCH_PATHS = "$(inherited) @executable_path/Frameworks";
				PRODUCT_NAME = "$(TARGET_NAME)";
			};
			name = Debug;
		};
		286E42991BB2326D00C1089A /* Release */ = {
			isa = XCBuildConfiguration;
			buildSettings = {
				ASSETCATALOG_COMPILER_APPICON_NAME = AppIcon;
				INFOPLIST_FILE = hllowios/Info.plist;
				LD_RUNPATH_SEARCH_PATHS = "$(inherited) @executable_path/Frameworks";
				PRODUCT_NAME = "$(TARGET_NAME)";
			};
			name = Release;
		};
		286E429B1BB2326D00C1089A /* Debug */ = {
			isa = XCBuildConfiguration;
			buildSettings = {
				BUNDLE_LOADER = "$(TEST_HOST)";
				FRAMEWORK_SEARCH_PATHS = (
					"$(SDKROOT)/Developer/Library/Frameworks",
					"$(inherited)",
				);
				GCC_PREPROCESSOR_DEFINITIONS = (
					"DEBUG=1",
					"$(inherited)",
				);
				INFOPLIST_FILE = hllowiosTests/Info.plist;
				LD_RUNPATH_SEARCH_PATHS = "$(inherited) @executable_path/Frameworks @loader_path/Frameworks";
				PRODUCT_NAME = "$(TARGET_NAME)";
				TEST_HOST = "$(BUILT_PRODUCTS_DIR)/hllowios.app/hllowios";
			};
			name = Debug;
		};
		286E429C1BB2326D00C1089A /* Release */ = {
			isa = XCBuildConfiguration;
			buildSettings = {
				BUNDLE_LOADER = "$(TEST_HOST)";
				FRAMEWORK_SEARCH_PATHS = (
					"$(SDKROOT)/Developer/Library/Frameworks",
					"$(inherited)",
				);
				INFOPLIST_FILE = hllowiosTests/Info.plist;
				LD_RUNPATH_SEARCH_PATHS = "$(inherited) @executable_path/Frameworks @loader_path/Frameworks";
				PRODUCT_NAME = "$(TARGET_NAME)";
				TEST_HOST = "$(BUILT_PRODUCTS_DIR)/hllowios.app/hllowios";
			};
			name = Release;
		};
/* End XCBuildConfiguration section */

/* Begin XCConfigurationList section */
		286E42731BB2326D00C1089A /* Build configuration list for PBXProject "hllowios" */ = {
			isa = XCConfigurationList;
			buildConfigurations = (
				286E42951BB2326D00C1089A /* Debug */,
				286E42961BB2326D00C1089A /* Release */,
			);
			defaultConfigurationIsVisible = 0;
			defaultConfigurationName = Release;
		};
		286E42971BB2326D00C1089A /* Build configuration list for PBXNativeTarget "hllowios" */ = {
			isa = XCConfigurationList;
			buildConfigurations = (
				286E42981BB2326D00C1089A /* Debug */,
				286E42991BB2326D00C1089A /* Release */,
			);
			defaultConfigurationIsVisible = 0;
			defaultConfigurationName = Release;
		};
		286E429A1BB2326D00C1089A /* Build configuration list for PBXNativeTarget "hllowiosTests" */ = {
			isa = XCConfigurationList;
			buildConfigurations = (
				286E429B1BB2326D00C1089A /* Debug */,
				286E429C1BB2326D00C1089A /* Release */,
			);
			defaultConfigurationIsVisible = 0;
			defaultConfigurationName = Release;
		};
/* End XCConfigurationList section */
	};
	rootObject = 286E42701BB2326D00C1089A /* Project object */;
}
