// !$*UTF8*$!
{
	archiveVersion = 1;
	classes = {
	};
	objectVersion = 46;
	objects = {

/* Begin PBXBuildFile section */
		280AC08F1BB1688500A2CEDC /* AppDelegate.swift in Sources */ = {isa = PBXBuildFile; fileRef = 280AC08E1BB1688500A2CEDC /* AppDelegate.swift */; };
		280AC0911BB1688500A2CEDC /* ViewController.swift in Sources */ = {isa = PBXBuildFile; fileRef = 280AC0901BB1688500A2CEDC /* ViewController.swift */; };
		280AC0941BB1688500A2CEDC /* Main.storyboard in Resources */ = {isa = PBXBuildFile; fileRef = 280AC0921BB1688500A2CEDC /* Main.storyboard */; };
		280AC0961BB1688500A2CEDC /* Images.xcassets in Resources */ = {isa = PBXBuildFile; fileRef = 280AC0951BB1688500A2CEDC /* Images.xcassets */; };
		280AC0991BB1688500A2CEDC /* LaunchScreen.xib in Resources */ = {isa = PBXBuildFile; fileRef = 280AC0971BB1688500A2CEDC /* LaunchScreen.xib */; };
		280AC0A51BB1688500A2CEDC /* HelloIOSTests.swift in Sources */ = {isa = PBXBuildFile; fileRef = 280AC0A41BB1688500A2CEDC /* HelloIOSTests.swift */; };
		284212A21BB9507500F1877C /* HelloIOS.app in Resources */ = {isa = PBXBuildFile; fileRef = 280AC0891BB1688500A2CEDC /* HelloIOS.app */; };
		284212A61BB971CA00F1877C /* MyApp.Storyboard in Resources */ = {isa = PBXBuildFile; fileRef = 284212A51BB971CA00F1877C /* MyApp.Storyboard */; };
/* End PBXBuildFile section */

/* Begin PBXContainerItemProxy section */
		280AC09F1BB1688500A2CEDC /* PBXContainerItemProxy */ = {
			isa = PBXContainerItemProxy;
			containerPortal = 280AC0811BB1688400A2CEDC /* Project object */;
			proxyType = 1;
			remoteGlobalIDString = 280AC0881BB1688400A2CEDC;
			remoteInfo = HelloIOS;
		};
/* End PBXContainerItemProxy section */

/* Begin PBXFileReference section */
		280AC0891BB1688500A2CEDC /* HelloIOS.app */ = {isa = PBXFileReference; explicitFileType = wrapper.application; includeInIndex = 0; path = HelloIOS.app; sourceTree = BUILT_PRODUCTS_DIR; };
		280AC08D1BB1688500A2CEDC /* Info.plist */ = {isa = PBXFileReference; lastKnownFileType = text.plist.xml; path = Info.plist; sourceTree = "<group>"; };
		280AC08E1BB1688500A2CEDC /* AppDelegate.swift */ = {isa = PBXFileReference; lastKnownFileType = sourcecode.swift; path = AppDelegate.swift; sourceTree = "<group>"; };
		280AC0901BB1688500A2CEDC /* ViewController.swift */ = {isa = PBXFileReference; lastKnownFileType = sourcecode.swift; path = ViewController.swift; sourceTree = "<group>"; };
		280AC0931BB1688500A2CEDC /* Base */ = {isa = PBXFileReference; lastKnownFileType = file.storyboard; name = Base; path = Base.lproj/Main.storyboard; sourceTree = "<group>"; };
		280AC0951BB1688500A2CEDC /* Images.xcassets */ = {isa = PBXFileReference; lastKnownFileType = folder.assetcatalog; path = Images.xcassets; sourceTree = "<group>"; };
		280AC0981BB1688500A2CEDC /* Base */ = {isa = PBXFileReference; lastKnownFileType = file.xib; name = Base; path = Base.lproj/LaunchScreen.xib; sourceTree = "<group>"; };
		280AC09E1BB1688500A2CEDC /* HelloIOSTests.xctest */ = {isa = PBXFileReference; explicitFileType = wrapper.cfbundle; includeInIndex = 0; path = HelloIOSTests.xctest; sourceTree = BUILT_PRODUCTS_DIR; };
		280AC0A31BB1688500A2CEDC /* Info.plist */ = {isa = PBXFileReference; lastKnownFileType = text.plist.xml; path = Info.plist; sourceTree = "<group>"; };
		280AC0A41BB1688500A2CEDC /* HelloIOSTests.swift */ = {isa = PBXFileReference; lastKnownFileType = sourcecode.swift; path = HelloIOSTests.swift; sourceTree = "<group>"; };
		284212A51BB971CA00F1877C /* MyApp.Storyboard */ = {isa = PBXFileReference; fileEncoding = 4; lastKnownFileType = file.storyboard; path = MyApp.Storyboard; sourceTree = "<group>"; };
/* End PBXFileReference section */

/* Begin PBXFrameworksBuildPhase section */
		280AC0861BB1688400A2CEDC /* Frameworks */ = {
			isa = PBXFrameworksBuildPhase;
			buildActionMask = 2147483647;
			files = (
			);
			runOnlyForDeploymentPostprocessing = 0;
		};
		280AC09B1BB1688500A2CEDC /* Frameworks */ = {
			isa = PBXFrameworksBuildPhase;
			buildActionMask = 2147483647;
			files = (
			);
			runOnlyForDeploymentPostprocessing = 0;
		};
/* End PBXFrameworksBuildPhase section */

/* Begin PBXGroup section */
		280AC0801BB1688400A2CEDC = {
			isa = PBXGroup;
			children = (
				280AC08B1BB1688500A2CEDC /* HelloIOS */,
				280AC0A11BB1688500A2CEDC /* HelloIOSTests */,
				280AC08A1BB1688500A2CEDC /* Products */,
			);
			sourceTree = "<group>";
		};
		280AC08A1BB1688500A2CEDC /* Products */ = {
			isa = PBXGroup;
			children = (
				280AC0891BB1688500A2CEDC /* HelloIOS.app */,
				280AC09E1BB1688500A2CEDC /* HelloIOSTests.xctest */,
			);
			name = Products;
			sourceTree = "<group>";
		};
		280AC08B1BB1688500A2CEDC /* HelloIOS */ = {
			isa = PBXGroup;
			children = (
				284212A51BB971CA00F1877C /* MyApp.Storyboard */,
				280AC08E1BB1688500A2CEDC /* AppDelegate.swift */,
				280AC0901BB1688500A2CEDC /* ViewController.swift */,
				280AC0921BB1688500A2CEDC /* Main.storyboard */,
				280AC0951BB1688500A2CEDC /* Images.xcassets */,
				280AC0971BB1688500A2CEDC /* LaunchScreen.xib */,
				280AC08C1BB1688500A2CEDC /* Supporting Files */,
			);
			path = HelloIOS;
			sourceTree = "<group>";
		};
		280AC08C1BB1688500A2CEDC /* Supporting Files */ = {
			isa = PBXGroup;
			children = (
				280AC08D1BB1688500A2CEDC /* Info.plist */,
			);
			name = "Supporting Files";
			sourceTree = "<group>";
		};
		280AC0A11BB1688500A2CEDC /* HelloIOSTests */ = {
			isa = PBXGroup;
			children = (
				280AC0A41BB1688500A2CEDC /* HelloIOSTests.swift */,
				280AC0A21BB1688500A2CEDC /* Supporting Files */,
			);
			path = HelloIOSTests;
			sourceTree = "<group>";
		};
		280AC0A21BB1688500A2CEDC /* Supporting Files */ = {
			isa = PBXGroup;
			children = (
				280AC0A31BB1688500A2CEDC /* Info.plist */,
			);
			name = "Supporting Files";
			sourceTree = "<group>";
		};
/* End PBXGroup section */

/* Begin PBXNativeTarget section */
		280AC0881BB1688400A2CEDC /* HelloIOS */ = {
			isa = PBXNativeTarget;
			buildConfigurationList = 280AC0A81BB1688500A2CEDC /* Build configuration list for PBXNativeTarget "HelloIOS" */;
			buildPhases = (
				280AC0851BB1688400A2CEDC /* Sources */,
				280AC0861BB1688400A2CEDC /* Frameworks */,
				280AC0871BB1688400A2CEDC /* Resources */,
			);
			buildRules = (
			);
			dependencies = (
			);
			name = HelloIOS;
			productName = HelloIOS;
			productReference = 280AC0891BB1688500A2CEDC /* HelloIOS.app */;
			productType = "com.apple.product-type.application";
		};
		280AC09D1BB1688500A2CEDC /* HelloIOSTests */ = {
			isa = PBXNativeTarget;
			buildConfigurationList = 280AC0AB1BB1688500A2CEDC /* Build configuration list for PBXNativeTarget "HelloIOSTests" */;
			buildPhases = (
				280AC09A1BB1688500A2CEDC /* Sources */,
				280AC09B1BB1688500A2CEDC /* Frameworks */,
				280AC09C1BB1688500A2CEDC /* Resources */,
			);
			buildRules = (
			);
			dependencies = (
				280AC0A01BB1688500A2CEDC /* PBXTargetDependency */,
			);
			name = HelloIOSTests;
			productName = HelloIOSTests;
			productReference = 280AC09E1BB1688500A2CEDC /* HelloIOSTests.xctest */;
			productType = "com.apple.product-type.bundle.unit-test";
		};
/* End PBXNativeTarget section */

/* Begin PBXProject section */
		280AC0811BB1688400A2CEDC /* Project object */ = {
			isa = PBXProject;
			attributes = {
				LastUpgradeCheck = 0600;
				ORGANIZATIONNAME = kr;
				TargetAttributes = {
					280AC0881BB1688400A2CEDC = {
						CreatedOnToolsVersion = 6.0;
					};
					280AC09D1BB1688500A2CEDC = {
						CreatedOnToolsVersion = 6.0;
						TestTargetID = 280AC0881BB1688400A2CEDC;
					};
				};
			};
			buildConfigurationList = 280AC0841BB1688400A2CEDC /* Build configuration list for PBXProject "HelloIOS" */;
			compatibilityVersion = "Xcode 3.2";
			developmentRegion = English;
			hasScannedForEncodings = 0;
			knownRegions = (
				en,
				Base,
			);
			mainGroup = 280AC0801BB1688400A2CEDC;
			productRefGroup = 280AC08A1BB1688500A2CEDC /* Products */;
			projectDirPath = "";
			projectRoot = "";
			targets = (
				280AC0881BB1688400A2CEDC /* HelloIOS */,
				280AC09D1BB1688500A2CEDC /* HelloIOSTests */,
			);
		};
/* End PBXProject section */

/* Begin PBXResourcesBuildPhase section */
		280AC0871BB1688400A2CEDC /* Resources */ = {
			isa = PBXResourcesBuildPhase;
			buildActionMask = 2147483647;
			files = (
				284212A61BB971CA00F1877C /* MyApp.Storyboard in Resources */,
				280AC0941BB1688500A2CEDC /* Main.storyboard in Resources */,
				280AC0991BB1688500A2CEDC /* LaunchScreen.xib in Resources */,
				280AC0961BB1688500A2CEDC /* Images.xcassets in Resources */,
				284212A21BB9507500F1877C /* HelloIOS.app in Resources */,
			);
			runOnlyForDeploymentPostprocessing = 0;
		};
		280AC09C1BB1688500A2CEDC /* Resources */ = {
			isa = PBXResourcesBuildPhase;
			buildActionMask = 2147483647;
			files = (
			);
			runOnlyForDeploymentPostprocessing = 0;
		};
/* End PBXResourcesBuildPhase section */

/* Begin PBXSourcesBuildPhase section */
		280AC0851BB1688400A2CEDC /* Sources */ = {
			isa = PBXSourcesBuildPhase;
			buildActionMask = 2147483647;
			files = (
				280AC0911BB1688500A2CEDC /* ViewController.swift in Sources */,
				280AC08F1BB1688500A2CEDC /* AppDelegate.swift in Sources */,
			);
			runOnlyForDeploymentPostprocessing = 0;
		};
		280AC09A1BB1688500A2CEDC /* Sources */ = {
			isa = PBXSourcesBuildPhase;
			buildActionMask = 2147483647;
			files = (
				280AC0A51BB1688500A2CEDC /* HelloIOSTests.swift in Sources */,
			);
			runOnlyForDeploymentPostprocessing = 0;
		};
/* End PBXSourcesBuildPhase section */

/* Begin PBXTargetDependency section */
		280AC0A01BB1688500A2CEDC /* PBXTargetDependency */ = {
			isa = PBXTargetDependency;
			target = 280AC0881BB1688400A2CEDC /* HelloIOS */;
			targetProxy = 280AC09F1BB1688500A2CEDC /* PBXContainerItemProxy */;
		};
/* End PBXTargetDependency section */

/* Begin PBXVariantGroup section */
		280AC0921BB1688500A2CEDC /* Main.storyboard */ = {
			isa = PBXVariantGroup;
			children = (
				280AC0931BB1688500A2CEDC /* Base */,
			);
			name = Main.storyboard;
			sourceTree = "<group>";
		};
		280AC0971BB1688500A2CEDC /* LaunchScreen.xib */ = {
			isa = PBXVariantGroup;
			children = (
				280AC0981BB1688500A2CEDC /* Base */,
			);
			name = LaunchScreen.xib;
			sourceTree = "<group>";
		};
/* End PBXVariantGroup section */

/* Begin XCBuildConfiguration section */
		280AC0A61BB1688500A2CEDC /* Debug */ = {
			isa = XCBuildConfiguration;
			buildSettings = {
				ALWAYS_SEARCH_USER_PATHS = NO;
				CLANG_CXX_LANGUAGE_STANDARD = "gnu++0x";
				CLANG_CXX_LIBRARY = "libc++";
				CLANG_ENABLE_MODULES = YES;
				CLANG_ENABLE_OBJC_ARC = YES;
				CLANG_WARN_BOOL_CONVERSION = YES;
				CLANG_WARN_CONSTANT_CONVERSION = YES;
				CLANG_WARN_DIRECT_OBJC_ISA_USAGE = YES_ERROR;
				CLANG_WARN_EMPTY_BODY = YES;
				CLANG_WARN_ENUM_CONVERSION = YES;
				CLANG_WARN_INT_CONVERSION = YES;
				CLANG_WARN_OBJC_ROOT_CLASS = YES_ERROR;
				CLANG_WARN_UNREACHABLE_CODE = YES;
				CLANG_WARN__DUPLICATE_METHOD_MATCH = YES;
				"CODE_SIGN_IDENTITY[sdk=iphoneos*]" = "iPhone Developer";
				COPY_PHASE_STRIP = NO;
				ENABLE_STRICT_OBJC_MSGSEND = YES;
				GCC_C_LANGUAGE_STANDARD = gnu99;
				GCC_DYNAMIC_NO_PIC = NO;
				GCC_OPTIMIZATION_LEVEL = 0;
				GCC_PREPROCESSOR_DEFINITIONS = (
					"DEBUG=1",
					"$(inherited)",
				);
				GCC_SYMBOLS_PRIVATE_EXTERN = NO;
				GCC_WARN_64_TO_32_BIT_CONVERSION = YES;
				GCC_WARN_ABOUT_RETURN_TYPE = YES_ERROR;
				GCC_WARN_UNDECLARED_SELECTOR = YES;
				GCC_WARN_UNINITIALIZED_AUTOS = YES_AGGRESSIVE;
				GCC_WARN_UNUSED_FUNCTION = YES;
				GCC_WARN_UNUSED_VARIABLE = YES;
				IPHONEOS_DEPLOYMENT_TARGET = 8.0;
				MTL_ENABLE_DEBUG_INFO = YES;
				ONLY_ACTIVE_ARCH = YES;
				SDKROOT = iphoneos;
				SWIFT_OPTIMIZATION_LEVEL = "-Onone";
			};
			name = Debug;
		};
		280AC0A71BB1688500A2CEDC /* Release */ = {
			isa = XCBuildConfiguration;
			buildSettings = {
				ALWAYS_SEARCH_USER_PATHS = NO;
				CLANG_CXX_LANGUAGE_STANDARD = "gnu++0x";
				CLANG_CXX_LIBRARY = "libc++";
				CLANG_ENABLE_MODULES = YES;
				CLANG_ENABLE_OBJC_ARC = YES;
				CLANG_WARN_BOOL_CONVERSION = YES;
				CLANG_WARN_CONSTANT_CONVERSION = YES;
				CLANG_WARN_DIRECT_OBJC_ISA_USAGE = YES_ERROR;
				CLANG_WARN_EMPTY_BODY = YES;
				CLANG_WARN_ENUM_CONVERSION = YES;
				CLANG_WARN_INT_CONVERSION = YES;
				CLANG_WARN_OBJC_ROOT_CLASS = YES_ERROR;
				CLANG_WARN_UNREACHABLE_CODE = YES;
				CLANG_WARN__DUPLICATE_METHOD_MATCH = YES;
				"CODE_SIGN_IDENTITY[sdk=iphoneos*]" = "iPhone Developer";
				COPY_PHASE_STRIP = YES;
				ENABLE_NS_ASSERTIONS = NO;
				ENABLE_STRICT_OBJC_MSGSEND = YES;
				GCC_C_LANGUAGE_STANDARD = gnu99;
				GCC_WARN_64_TO_32_BIT_CONVERSION = YES;
				GCC_WARN_ABOUT_RETURN_TYPE = YES_ERROR;
				GCC_WARN_UNDECLARED_SELECTOR = YES;
				GCC_WARN_UNINITIALIZED_AUTOS = YES_AGGRESSIVE;
				GCC_WARN_UNUSED_FUNCTION = YES;
				GCC_WARN_UNUSED_VARIABLE = YES;
				IPHONEOS_DEPLOYMENT_TARGET = 8.0;
				MTL_ENABLE_DEBUG_INFO = NO;
				SDKROOT = iphoneos;
				VALIDATE_PRODUCT = YES;
			};
			name = Release;
		};
		280AC0A91BB1688500A2CEDC /* Debug */ = {
			isa = XCBuildConfiguration;
			buildSettings = {
				ASSETCATALOG_COMPILER_APPICON_NAME = AppIcon;
				CODE_SIGN_IDENTITY = "iPhone Developer";
				INFOPLIST_FILE = HelloIOS/Info.plist;
				LD_RUNPATH_SEARCH_PATHS = "$(inherited) @executable_path/Frameworks";
				PRODUCT_NAME = "$(TARGET_NAME)";
			};
			name = Debug;
		};
		280AC0AA1BB1688500A2CEDC /* Release */ = {
			isa = XCBuildConfiguration;
			buildSettings = {
				ASSETCATALOG_COMPILER_APPICON_NAME = AppIcon;
				CODE_SIGN_IDENTITY = "iPhone Developer";
				INFOPLIST_FILE = HelloIOS/Info.plist;
				LD_RUNPATH_SEARCH_PATHS = "$(inherited) @executable_path/Frameworks";
				ONLY_ACTIVE_ARCH = YES;
				PRODUCT_NAME = "$(TARGET_NAME)";
			};
			name = Release;
		};
		280AC0AC1BB1688500A2CEDC /* Debug */ = {
			isa = XCBuildConfiguration;
			buildSettings = {
				BUNDLE_LOADER = "$(TEST_HOST)";
				FRAMEWORK_SEARCH_PATHS = (
					"$(SDKROOT)/Developer/Library/Frameworks",
					"$(inherited)",
				);
				GCC_PREPROCESSOR_DEFINITIONS = (
					"DEBUG=1",
					"$(inherited)",
				);
				INFOPLIST_FILE = HelloIOSTests/Info.plist;
				LD_RUNPATH_SEARCH_PATHS = "$(inherited) @executable_path/Frameworks @loader_path/Frameworks";
				PRODUCT_NAME = "$(TARGET_NAME)";
				TEST_HOST = "$(BUILT_PRODUCTS_DIR)/HelloIOS.app/HelloIOS";
			};
			name = Debug;
		};
		280AC0AD1BB1688500A2CEDC /* Release */ = {
			isa = XCBuildConfiguration;
			buildSettings = {
				BUNDLE_LOADER = "$(TEST_HOST)";
				FRAMEWORK_SEARCH_PATHS = (
					"$(SDKROOT)/Developer/Library/Frameworks",
					"$(inherited)",
				);
				INFOPLIST_FILE = HelloIOSTests/Info.plist;
				LD_RUNPATH_SEARCH_PATHS = "$(inherited) @executable_path/Frameworks @loader_path/Frameworks";
				PRODUCT_NAME = "$(TARGET_NAME)";
				TEST_HOST = "$(BUILT_PRODUCTS_DIR)/HelloIOS.app/HelloIOS";
			};
			name = Release;
		};
/* End XCBuildConfiguration section */

/* Begin XCConfigurationList section */
		280AC0841BB1688400A2CEDC /* Build configuration list for PBXProject "HelloIOS" */ = {
			isa = XCConfigurationList;
			buildConfigurations = (
				280AC0A61BB1688500A2CEDC /* Debug */,
				280AC0A71BB1688500A2CEDC /* Release */,
			);
			defaultConfigurationIsVisible = 0;
			defaultConfigurationName = Release;
		};
		280AC0A81BB1688500A2CEDC /* Build configuration list for PBXNativeTarget "HelloIOS" */ = {
			isa = XCConfigurationList;
			buildConfigurations = (
				280AC0A91BB1688500A2CEDC /* Debug */,
				280AC0AA1BB1688500A2CEDC /* Release */,
			);
			defaultConfigurationIsVisible = 0;
			defaultConfigurationName = Release;
		};
		280AC0AB1BB1688500A2CEDC /* Build configuration list for PBXNativeTarget "HelloIOSTests" */ = {
			isa = XCConfigurationList;
			buildConfigurations = (
				280AC0AC1BB1688500A2CEDC /* Debug */,
				280AC0AD1BB1688500A2CEDC /* Release */,
			);
			defaultConfigurationIsVisible = 0;
			defaultConfigurationName = Release;
		};
/* End XCConfigurationList section */
	};
	rootObject = 280AC0811BB1688400A2CEDC /* Project object */;
}
